PODS:
  - FBSnapshotTestCase (2.1.4):
    - FBSnapshotTestCase/SwiftSupport (= 2.1.4)
  - FBSnapshotTestCase/Core (2.1.4)
  - FBSnapshotTestCase/SwiftSupport (2.1.4):
    - FBSnapshotTestCase/Core
  - YUMIMainProject (0.1.0)

DEPENDENCIES:
  - FBSnapshotTestCase
  - YUMIMainProject (from `../`)

EXTERNAL SOURCES:
  YUMIMainProject:
    :path: "../"

SPEC CHECKSUMS:
  FBSnapshotTestCase: '094f9f314decbabe373b87cc339bea235a63e07a'
  YUMIMainProject: 358f1aa601db85a48081dd835a83499c8832e982

PODFILE CHECKSUM: 8f54066522961ba30d81a025f621e19bedf96014

COCOAPODS: 1.1.1
